
Microsoft Visual Studio Solution File, Format Version 12.00
# Visual Studio Version 17
VisualStudioVersion = 17.3.32929.385
MinimumVisualStudioVersion = 10.0.40219.1
Project("{FAE04EC0-301F-11D3-BF4B-00C04F79EFBC}") = "DirtyMoneyWash", "DirtyMoneyWash\DirtyMoneyWash.csproj", "{921A5BBD-B3F3-4D06-B751-11141331586E}"
EndProject
Global
	GlobalSection(SolutionConfigurationPlatforms) = preSolution
		Debug|Any CPU = Debug|Any CPU
		Release|Any CPU = Release|Any CPU
	EndGlobalSection
	GlobalSection(ProjectConfigurationPlatforms) = postSolution
		{921A5BBD-B3F3-4D06-B751-11141331586E}.Debug|Any CPU.ActiveCfg = Debug|Any CPU
		{921A5BBD-B3F3-4D06-B751-11141331586E}.Debug|Any CPU.Build.0 = Debug|Any CPU
		{921A5BBD-B3F3-4D06-B751-11141331586E}.Release|Any CPU.ActiveCfg = Release|Any CPU
		{921A5BBD-B3F3-4D06-B751-11141331586E}.Release|Any CPU.Build.0 = Release|Any CPU
	EndGlobalSection
	GlobalSection(SolutionProperties) = preSolution
		HideSolutionNode = FALSE
	EndGlobalSection
	GlobalSection(ExtensibilityGlobals) = postSolution
		SolutionGuid = {1346101B-E2E5-4F33-A029-689230248B48}
	EndGlobalSection
EndGlobal
